// !$*UTF8*$!
{
	archiveVersion = 1;
	classes = {
	};
	objectVersion = 56;
	objects = {

/* Begin PBXBuildFile section */
		4D8653F32B6A22EE00C6BA83 /* DingRTC.xcframework in Frameworks */ = {isa = PBXBuildFile; fileRef = 4D8653F12B6A22EE00C6BA83 /* DingRTC.xcframework */; };
		4D8653F42B6A22EE00C6BA83 /* DingRTC.xcframework in Embed Frameworks */ = {isa = PBXBuildFile; fileRef = 4D8653F12B6A22EE00C6BA83 /* DingRTC.xcframework */; settings = {ATTRIBUTES = (CodeSignOnCopy, RemoveHeadersOnCopy, ); }; };
		4D8653F82B6A22F900C6BA83 /* DingRTC.xcframework in Frameworks */ = {isa = PBXBuildFile; fileRef = 4D8653F12B6A22EE00C6BA83 /* DingRTC.xcframework */; };
		4DDA0E15262EDD3F009F54D0 /* AppDelegate.m in Sources */ = {isa = PBXBuildFile; fileRef = 4DDA0E14262EDD3F009F54D0 /* AppDelegate.m */; };
		4DDA0E18262EDD3F009F54D0 /* SceneDelegate.m in Sources */ = {isa = PBXBuildFile; fileRef = 4DDA0E17262EDD3F009F54D0 /* SceneDelegate.m */; };
		4DDA0E1E262EDD3F009F54D0 /* Main.storyboard in Resources */ = {isa = PBXBuildFile; fileRef = 4DDA0E1C262EDD3F009F54D0 /* Main.storyboard */; };
		4DDA0E20262EDD41009F54D0 /* Assets.xcassets in Resources */ = {isa = PBXBuildFile; fileRef = 4DDA0E1F262EDD41009F54D0 /* Assets.xcassets */; };
		4DDA0E23262EDD41009F54D0 /* LaunchScreen.storyboard in Resources */ = {isa = PBXBuildFile; fileRef = 4DDA0E21262EDD41009F54D0 /* LaunchScreen.storyboard */; };
		4DDA0E26262EDD41009F54D0 /* main.m in Sources */ = {isa = PBXBuildFile; fileRef = 4DDA0E25262EDD41009F54D0 /* main.m */; };
		4DDA0E34262FC2E0009F54D0 /* ReplayKit.framework in Frameworks */ = {isa = PBXBuildFile; fileRef = 4DDA0E33262FC2E0009F54D0 /* ReplayKit.framework */; };
		4DDA0E38262FC2E0009F54D0 /* SampleHandler.m in Sources */ = {isa = PBXBuildFile; fileRef = 4DDA0E37262FC2E0009F54D0 /* SampleHandler.m */; };
		4DDA0E3C262FC2E0009F54D0 /* ScreenSharingExt.appex in Embed App Extensions */ = {isa = PBXBuildFile; fileRef = 4DDA0E31262FC2E0009F54D0 /* ScreenSharingExt.appex */; settings = {ATTRIBUTES = (RemoveHeadersOnCopy, ); }; };
		4DDA0E5A26302C28009F54D0 /* JoinViewController.m in Sources */ = {isa = PBXBuildFile; fileRef = 4DDA0E5226302C28009F54D0 /* JoinViewController.m */; };
		4DDA0E5B26302C28009F54D0 /* ChannelViewController.m in Sources */ = {isa = PBXBuildFile; fileRef = 4DDA0E5526302C28009F54D0 /* ChannelViewController.m */; };
		4DDA0E5D26302C28009F54D0 /* ChannelInfo.m in Sources */ = {isa = PBXBuildFile; fileRef = 4DDA0E5826302C28009F54D0 /* ChannelInfo.m */; };
		4DDA0E5F26304D17009F54D0 /* README.md in Resources */ = {isa = PBXBuildFile; fileRef = 4DDA0E5E26304D17009F54D0 /* README.md */; };
		4DDA0E62263146E7009F54D0 /* UserInfo.m in Sources */ = {isa = PBXBuildFile; fileRef = 4DDA0E60263146E6009F54D0 /* UserInfo.m */; };
/* End PBXBuildFile section */

/* Begin PBXContainerItemProxy section */
		4DDA0E3A262FC2E0009F54D0 /* PBXContainerItemProxy */ = {
			isa = PBXContainerItemProxy;
			containerPortal = 4DDA0E08262EDD3F009F54D0 /* Project object */;
			proxyType = 1;
			remoteGlobalIDString = 4DDA0E30262FC2E0009F54D0;
			remoteInfo = ScreenSharingExt;
		};
/* End PBXContainerItemProxy section */

/* Begin PBXCopyFilesBuildPhase section */
		4D8653F72B6A22EE00C6BA83 /* Embed Frameworks */ = {
			isa = PBXCopyFilesBuildPhase;
			buildActionMask = 2147483647;
			dstPath = "";
			dstSubfolderSpec = 10;
			files = (
				4D8653F42B6A22EE00C6BA83 /* DingRTC.xcframework in Embed Frameworks */,
			);
			name = "Embed Frameworks";
			runOnlyForDeploymentPostprocessing = 0;
		};
		4DDA0E40262FC2E0009F54D0 /* Embed App Extensions */ = {
			isa = PBXCopyFilesBuildPhase;
			buildActionMask = 2147483647;
			dstPath = "";
			dstSubfolderSpec = 13;
			files = (
				4DDA0E3C262FC2E0009F54D0 /* ScreenSharingExt.appex in Embed App Extensions */,
			);
			name = "Embed App Extensions";
			runOnlyForDeploymentPostprocessing = 0;
		};
/* End PBXCopyFilesBuildPhase section */

/* Begin PBXFileReference section */
		4D8653F12B6A22EE00C6BA83 /* DingRTC.xcframework */ = {isa = PBXFileReference; lastKnownFileType = wrapper.xcframework; name = DingRTC.xcframework; path = ../SDK/DingRTC.xcframework; sourceTree = "<group>"; };
		4DDA0E10262EDD3F009F54D0 /* ScreenSharing.app */ = {isa = PBXFileReference; explicitFileType = wrapper.application; includeInIndex = 0; path = ScreenSharing.app; sourceTree = BUILT_PRODUCTS_DIR; };
		4DDA0E13262EDD3F009F54D0 /* AppDelegate.h */ = {isa = PBXFileReference; lastKnownFileType = sourcecode.c.h; path = AppDelegate.h; sourceTree = "<group>"; };
		4DDA0E14262EDD3F009F54D0 /* AppDelegate.m */ = {isa = PBXFileReference; lastKnownFileType = sourcecode.c.objc; path = AppDelegate.m; sourceTree = "<group>"; };
		4DDA0E16262EDD3F009F54D0 /* SceneDelegate.h */ = {isa = PBXFileReference; lastKnownFileType = sourcecode.c.h; path = SceneDelegate.h; sourceTree = "<group>"; };
		4DDA0E17262EDD3F009F54D0 /* SceneDelegate.m */ = {isa = PBXFileReference; lastKnownFileType = sourcecode.c.objc; path = SceneDelegate.m; sourceTree = "<group>"; };
		4DDA0E1D262EDD3F009F54D0 /* Base */ = {isa = PBXFileReference; lastKnownFileType = file.storyboard; name = Base; path = Base.lproj/Main.storyboard; sourceTree = "<group>"; };
		4DDA0E1F262EDD41009F54D0 /* Assets.xcassets */ = {isa = PBXFileReference; lastKnownFileType = folder.assetcatalog; path = Assets.xcassets; sourceTree = "<group>"; };
		4DDA0E22262EDD41009F54D0 /* Base */ = {isa = PBXFileReference; lastKnownFileType = file.storyboard; name = Base; path = Base.lproj/LaunchScreen.storyboard; sourceTree = "<group>"; };
		4DDA0E24262EDD41009F54D0 /* Info.plist */ = {isa = PBXFileReference; lastKnownFileType = text.plist.xml; path = Info.plist; sourceTree = "<group>"; };
		4DDA0E25262EDD41009F54D0 /* main.m */ = {isa = PBXFileReference; lastKnownFileType = sourcecode.c.objc; path = main.m; sourceTree = "<group>"; };
		4DDA0E31262FC2E0009F54D0 /* ScreenSharingExt.appex */ = {isa = PBXFileReference; explicitFileType = "wrapper.app-extension"; includeInIndex = 0; path = ScreenSharingExt.appex; sourceTree = BUILT_PRODUCTS_DIR; };
		4DDA0E33262FC2E0009F54D0 /* ReplayKit.framework */ = {isa = PBXFileReference; lastKnownFileType = wrapper.framework; name = ReplayKit.framework; path = System/Library/Frameworks/ReplayKit.framework; sourceTree = SDKROOT; };
		4DDA0E36262FC2E0009F54D0 /* SampleHandler.h */ = {isa = PBXFileReference; lastKnownFileType = sourcecode.c.h; path = SampleHandler.h; sourceTree = "<group>"; };
		4DDA0E37262FC2E0009F54D0 /* SampleHandler.m */ = {isa = PBXFileReference; lastKnownFileType = sourcecode.c.objc; path = SampleHandler.m; sourceTree = "<group>"; };
		4DDA0E39262FC2E0009F54D0 /* Info.plist */ = {isa = PBXFileReference; lastKnownFileType = text.plist.xml; path = Info.plist; sourceTree = "<group>"; };
		4DDA0E50263018E3009F54D0 /* ScreenSharingExt.entitlements */ = {isa = PBXFileReference; lastKnownFileType = text.plist.entitlements; path = ScreenSharingExt.entitlements; sourceTree = "<group>"; };
		4DDA0E5126301D3D009F54D0 /* ScreenSharing.entitlements */ = {isa = PBXFileReference; lastKnownFileType = text.plist.entitlements; path = ScreenSharing.entitlements; sourceTree = "<group>"; };
		4DDA0E5226302C28009F54D0 /* JoinViewController.m */ = {isa = PBXFileReference; fileEncoding = 4; lastKnownFileType = sourcecode.c.objc; path = JoinViewController.m; sourceTree = "<group>"; };
		4DDA0E5426302C28009F54D0 /* ChannelInfo.h */ = {isa = PBXFileReference; fileEncoding = 4; lastKnownFileType = sourcecode.c.h; path = ChannelInfo.h; sourceTree = "<group>"; };
		4DDA0E5526302C28009F54D0 /* ChannelViewController.m */ = {isa = PBXFileReference; fileEncoding = 4; lastKnownFileType = sourcecode.c.objc; path = ChannelViewController.m; sourceTree = "<group>"; };
		4DDA0E5626302C28009F54D0 /* JoinViewController.h */ = {isa = PBXFileReference; fileEncoding = 4; lastKnownFileType = sourcecode.c.h; path = JoinViewController.h; sourceTree = "<group>"; };
		4DDA0E5826302C28009F54D0 /* ChannelInfo.m */ = {isa = PBXFileReference; fileEncoding = 4; lastKnownFileType = sourcecode.c.objc; path = ChannelInfo.m; sourceTree = "<group>"; };
		4DDA0E5926302C28009F54D0 /* ChannelViewController.h */ = {isa = PBXFileReference; fileEncoding = 4; lastKnownFileType = sourcecode.c.h; path = ChannelViewController.h; sourceTree = "<group>"; };
		4DDA0E5E26304D17009F54D0 /* README.md */ = {isa = PBXFileReference; fileEncoding = 4; lastKnownFileType = net.daringfireball.markdown; path = README.md; sourceTree = "<group>"; };
		4DDA0E60263146E6009F54D0 /* UserInfo.m */ = {isa = PBXFileReference; fileEncoding = 4; lastKnownFileType = sourcecode.c.objc; path = UserInfo.m; sourceTree = "<group>"; };
		4DDA0E61263146E6009F54D0 /* UserInfo.h */ = {isa = PBXFileReference; fileEncoding = 4; lastKnownFileType = sourcecode.c.h; path = UserInfo.h; sourceTree = "<group>"; };
/* End PBXFileReference section */

/* Begin PBXFrameworksBuildPhase section */
		4DDA0E0D262EDD3F009F54D0 /* Frameworks */ = {
			isa = PBXFrameworksBuildPhase;
			buildActionMask = 2147483647;
			files = (
				4D8653F32B6A22EE00C6BA83 /* DingRTC.xcframework in Frameworks */,
			);
			runOnlyForDeploymentPostprocessing = 0;
		};
		4DDA0E2E262FC2E0009F54D0 /* Frameworks */ = {
			isa = PBXFrameworksBuildPhase;
			buildActionMask = 2147483647;
			files = (
				4DDA0E34262FC2E0009F54D0 /* ReplayKit.framework in Frameworks */,
				4D8653F82B6A22F900C6BA83 /* DingRTC.xcframework in Frameworks */,
			);
			runOnlyForDeploymentPostprocessing = 0;
		};
/* End PBXFrameworksBuildPhase section */

/* Begin PBXGroup section */
		4DDA0E07262EDD3F009F54D0 = {
			isa = PBXGroup;
			children = (
				4DDA0E5E26304D17009F54D0 /* README.md */,
				4DDA0E12262EDD3F009F54D0 /* ScreenSharing */,
				4DDA0E35262FC2E0009F54D0 /* ScreenSharingExt */,
				4DDA0E32262FC2E0009F54D0 /* Frameworks */,
				4DDA0E11262EDD3F009F54D0 /* Products */,
			);
			sourceTree = "<group>";
		};
		4DDA0E11262EDD3F009F54D0 /* Products */ = {
			isa = PBXGroup;
			children = (
				4DDA0E10262EDD3F009F54D0 /* ScreenSharing.app */,
				4DDA0E31262FC2E0009F54D0 /* ScreenSharingExt.appex */,
			);
			name = Products;
			sourceTree = "<group>";
		};
		4DDA0E12262EDD3F009F54D0 /* ScreenSharing */ = {
			isa = PBXGroup;
			children = (
				4DDA0E61263146E6009F54D0 /* UserInfo.h */,
				4DDA0E60263146E6009F54D0 /* UserInfo.m */,
				4DDA0E13262EDD3F009F54D0 /* AppDelegate.h */,
				4DDA0E14262EDD3F009F54D0 /* AppDelegate.m */,
				4DDA0E1F262EDD41009F54D0 /* Assets.xcassets */,
				4DDA0E5426302C28009F54D0 /* ChannelInfo.h */,
				4DDA0E5826302C28009F54D0 /* ChannelInfo.m */,
				4DDA0E5926302C28009F54D0 /* ChannelViewController.h */,
				4DDA0E5526302C28009F54D0 /* ChannelViewController.m */,
				4DDA0E24262EDD41009F54D0 /* Info.plist */,
				4DDA0E5626302C28009F54D0 /* JoinViewController.h */,
				4DDA0E5226302C28009F54D0 /* JoinViewController.m */,
				4DDA0E21262EDD41009F54D0 /* LaunchScreen.storyboard */,
				4DDA0E25262EDD41009F54D0 /* main.m */,
				4DDA0E1C262EDD3F009F54D0 /* Main.storyboard */,
				4DDA0E16262EDD3F009F54D0 /* SceneDelegate.h */,
				4DDA0E17262EDD3F009F54D0 /* SceneDelegate.m */,
				4DDA0E5126301D3D009F54D0 /* ScreenSharing.entitlements */,
			);
			path = ScreenSharing;
			sourceTree = "<group>";
		};
		4DDA0E32262FC2E0009F54D0 /* Frameworks */ = {
			isa = PBXGroup;
			children = (
				4D8653F12B6A22EE00C6BA83 /* DingRTC.xcframework */,
				4DDA0E33262FC2E0009F54D0 /* ReplayKit.framework */,
			);
			name = Frameworks;
			sourceTree = "<group>";
		};
		4DDA0E35262FC2E0009F54D0 /* ScreenSharingExt */ = {
			isa = PBXGroup;
			children = (
				4DDA0E50263018E3009F54D0 /* ScreenSharingExt.entitlements */,
				4DDA0E36262FC2E0009F54D0 /* SampleHandler.h */,
				4DDA0E37262FC2E0009F54D0 /* SampleHandler.m */,
				4DDA0E39262FC2E0009F54D0 /* Info.plist */,
			);
			path = ScreenSharingExt;
			sourceTree = "<group>";
		};
/* End PBXGroup section */

/* Begin PBXNativeTarget section */
		4DDA0E0F262EDD3F009F54D0 /* ScreenSharing */ = {
			isa = PBXNativeTarget;
			buildConfigurationList = 4DDA0E29262EDD41009F54D0 /* Build configuration list for PBXNativeTarget "ScreenSharing" */;
			buildPhases = (
				4DDA0E0C262EDD3F009F54D0 /* Sources */,
				4DDA0E0D262EDD3F009F54D0 /* Frameworks */,
				4DDA0E0E262EDD3F009F54D0 /* Resources */,
				4DDA0E40262FC2E0009F54D0 /* Embed App Extensions */,
				4D8653F72B6A22EE00C6BA83 /* Embed Frameworks */,
			);
			buildRules = (
			);
			dependencies = (
				4DDA0E3B262FC2E0009F54D0 /* PBXTargetDependency */,
			);
			name = ScreenSharing;
			productName = ScreenSharing;
			productReference = 4DDA0E10262EDD3F009F54D0 /* ScreenSharing.app */;
			productType = "com.apple.product-type.application";
		};
		4DDA0E30262FC2E0009F54D0 /* ScreenSharingExt */ = {
			isa = PBXNativeTarget;
			buildConfigurationList = 4DDA0E3D262FC2E0009F54D0 /* Build configuration list for PBXNativeTarget "ScreenSharingExt" */;
			buildPhases = (
				4DDA0E2D262FC2E0009F54D0 /* Sources */,
				4DDA0E2E262FC2E0009F54D0 /* Frameworks */,
				4DDA0E2F262FC2E0009F54D0 /* Resources */,
			);
			buildRules = (
			);
			dependencies = (
			);
			name = ScreenSharingExt;
			productName = ScreenSharingExt;
			productReference = 4DDA0E31262FC2E0009F54D0 /* ScreenSharingExt.appex */;
			productType = "com.apple.product-type.app-extension";
		};
/* End PBXNativeTarget section */

/* Begin PBXProject section */
		4DDA0E08262EDD3F009F54D0 /* Project object */ = {
			isa = PBXProject;
			attributes = {
				LastUpgradeCheck = 1220;
				TargetAttributes = {
					4DDA0E0F262EDD3F009F54D0 = {
						CreatedOnToolsVersion = 12.2;
					};
					4DDA0E30262FC2E0009F54D0 = {
						CreatedOnToolsVersion = 12.2;
					};
				};
			};
			buildConfigurationList = 4DDA0E0B262EDD3F009F54D0 /* Build configuration list for PBXProject "ScreenSharing" */;
			compatibilityVersion = "Xcode 14.0";
			developmentRegion = en;
			hasScannedForEncodings = 0;
			knownRegions = (
				en,
				Base,
			);
			mainGroup = 4DDA0E07262EDD3F009F54D0;
			productRefGroup = 4DDA0E11262EDD3F009F54D0 /* Products */;
			projectDirPath = "";
			projectRoot = "";
			targets = (
				4DDA0E0F262EDD3F009F54D0 /* ScreenSharing */,
				4DDA0E30262FC2E0009F54D0 /* ScreenSharingExt */,
			);
		};
/* End PBXProject section */

/* Begin PBXResourcesBuildPhase section */
		4DDA0E0E262EDD3F009F54D0 /* Resources */ = {
			isa = PBXResourcesBuildPhase;
			buildActionMask = 2147483647;
			files = (
				4DDA0E23262EDD41009F54D0 /* LaunchScreen.storyboard in Resources */,
				4DDA0E20262EDD41009F54D0 /* Assets.xcassets in Resources */,
				4DDA0E5F26304D17009F54D0 /* README.md in Resources */,
				4DDA0E1E262EDD3F009F54D0 /* Main.storyboard in Resources */,
			);
			runOnlyForDeploymentPostprocessing = 0;
		};
		4DDA0E2F262FC2E0009F54D0 /* Resources */ = {
			isa = PBXResourcesBuildPhase;
			buildActionMask = 2147483647;
			files = (
			);
			runOnlyForDeploymentPostprocessing = 0;
		};
/* End PBXResourcesBuildPhase section */

/* Begin PBXSourcesBuildPhase section */
		4DDA0E0C262EDD3F009F54D0 /* Sources */ = {
			isa = PBXSourcesBuildPhase;
			buildActionMask = 2147483647;
			files = (
				4DDA0E15262EDD3F009F54D0 /* AppDelegate.m in Sources */,
				4DDA0E5B26302C28009F54D0 /* ChannelViewController.m in Sources */,
				4DDA0E26262EDD41009F54D0 /* main.m in Sources */,
				4DDA0E5A26302C28009F54D0 /* JoinViewController.m in Sources */,
				4DDA0E5D26302C28009F54D0 /* ChannelInfo.m in Sources */,
				4DDA0E18262EDD3F009F54D0 /* SceneDelegate.m in Sources */,
				4DDA0E62263146E7009F54D0 /* UserInfo.m in Sources */,
			);
			runOnlyForDeploymentPostprocessing = 0;
		};
		4DDA0E2D262FC2E0009F54D0 /* Sources */ = {
			isa = PBXSourcesBuildPhase;
			buildActionMask = 2147483647;
			files = (
				4DDA0E38262FC2E0009F54D0 /* SampleHandler.m in Sources */,
			);
			runOnlyForDeploymentPostprocessing = 0;
		};
/* End PBXSourcesBuildPhase section */

/* Begin PBXTargetDependency section */
		4DDA0E3B262FC2E0009F54D0 /* PBXTargetDependency */ = {
			isa = PBXTargetDependency;
			target = 4DDA0E30262FC2E0009F54D0 /* ScreenSharingExt */;
			targetProxy = 4DDA0E3A262FC2E0009F54D0 /* PBXContainerItemProxy */;
		};
/* End PBXTargetDependency section */

/* Begin PBXVariantGroup section */
		4DDA0E1C262EDD3F009F54D0 /* Main.storyboard */ = {
			isa = PBXVariantGroup;
			children = (
				4DDA0E1D262EDD3F009F54D0 /* Base */,
			);
			name = Main.storyboard;
			sourceTree = "<group>";
		};
		4DDA0E21262EDD41009F54D0 /* LaunchScreen.storyboard */ = {
			isa = PBXVariantGroup;
			children = (
				4DDA0E22262EDD41009F54D0 /* Base */,
			);
			name = LaunchScreen.storyboard;
			sourceTree = "<group>";
		};
/* End PBXVariantGroup section */

/* Begin XCBuildConfiguration section */
		4DDA0E27262EDD41009F54D0 /* Debug */ = {
			isa = XCBuildConfiguration;
			buildSettings = {
				ALWAYS_SEARCH_USER_PATHS = NO;
				CLANG_ANALYZER_NONNULL = YES;
				CLANG_ANALYZER_NUMBER_OBJECT_CONVERSION = YES_AGGRESSIVE;
				CLANG_CXX_LANGUAGE_STANDARD = "gnu++14";
				CLANG_CXX_LIBRARY = "libc++";
				CLANG_ENABLE_MODULES = YES;
				CLANG_ENABLE_OBJC_ARC = YES;
				CLANG_ENABLE_OBJC_WEAK = YES;
				CLANG_WARN_BLOCK_CAPTURE_AUTORELEASING = YES;
				CLANG_WARN_BOOL_CONVERSION = YES;
				CLANG_WARN_COMMA = YES;
				CLANG_WARN_CONSTANT_CONVERSION = YES;
				CLANG_WARN_DEPRECATED_OBJC_IMPLEMENTATIONS = YES;
				CLANG_WARN_DIRECT_OBJC_ISA_USAGE = YES_ERROR;
				CLANG_WARN_DOCUMENTATION_COMMENTS = YES;
				CLANG_WARN_EMPTY_BODY = YES;
				CLANG_WARN_ENUM_CONVERSION = YES;
				CLANG_WARN_INFINITE_RECURSION = YES;
				CLANG_WARN_INT_CONVERSION = YES;
				CLANG_WARN_NON_LITERAL_NULL_CONVERSION = YES;
				CLANG_WARN_OBJC_IMPLICIT_RETAIN_SELF = YES;
				CLANG_WARN_OBJC_LITERAL_CONVERSION = YES;
				CLANG_WARN_OBJC_ROOT_CLASS = YES_ERROR;
				CLANG_WARN_QUOTED_INCLUDE_IN_FRAMEWORK_HEADER = YES;
				CLANG_WARN_RANGE_LOOP_ANALYSIS = YES;
				CLANG_WARN_STRICT_PROTOTYPES = YES;
				CLANG_WARN_SUSPICIOUS_MOVE = YES;
				CLANG_WARN_UNGUARDED_AVAILABILITY = YES_AGGRESSIVE;
				CLANG_WARN_UNREACHABLE_CODE = YES;
				CLANG_WARN__DUPLICATE_METHOD_MATCH = YES;
				COPY_PHASE_STRIP = NO;
				DEBUG_INFORMATION_FORMAT = dwarf;
				ENABLE_BITCODE = NO;
				ENABLE_STRICT_OBJC_MSGSEND = YES;
				ENABLE_TESTABILITY = YES;
				FRAMEWORK_SEARCH_PATHS = "$(PROJECT_DIR)/../SDK";
				GCC_C_LANGUAGE_STANDARD = gnu11;
				GCC_DYNAMIC_NO_PIC = NO;
				GCC_NO_COMMON_BLOCKS = YES;
				GCC_OPTIMIZATION_LEVEL = 0;
				GCC_PREPROCESSOR_DEFINITIONS = (
					"DEBUG=1",
					"$(inherited)",
				);
				GCC_WARN_64_TO_32_BIT_CONVERSION = YES;
				GCC_WARN_ABOUT_RETURN_TYPE = YES_ERROR;
				GCC_WARN_UNDECLARED_SELECTOR = YES;
				GCC_WARN_UNINITIALIZED_AUTOS = YES_AGGRESSIVE;
				GCC_WARN_UNUSED_FUNCTION = YES;
				GCC_WARN_UNUSED_VARIABLE = YES;
				IPHONEOS_DEPLOYMENT_TARGET = 11.0;
				MTL_ENABLE_DEBUG_INFO = INCLUDE_SOURCE;
				MTL_FAST_MATH = YES;
				ONLY_ACTIVE_ARCH = YES;
				SDKROOT = iphoneos;
			};
			name = Debug;
		};
		4DDA0E28262EDD41009F54D0 /* Release */ = {
			isa = XCBuildConfiguration;
			buildSettings = {
				ALWAYS_SEARCH_USER_PATHS = NO;
				CLANG_ANALYZER_NONNULL = YES;
				CLANG_ANALYZER_NUMBER_OBJECT_CONVERSION = YES_AGGRESSIVE;
				CLANG_CXX_LANGUAGE_STANDARD = "gnu++14";
				CLANG_CXX_LIBRARY = "libc++";
				CLANG_ENABLE_MODULES = YES;
				CLANG_ENABLE_OBJC_ARC = YES;
				CLANG_ENABLE_OBJC_WEAK = YES;
				CLANG_WARN_BLOCK_CAPTURE_AUTORELEASING = YES;
				CLANG_WARN_BOOL_CONVERSION = YES;
				CLANG_WARN_COMMA = YES;
				CLANG_WARN_CONSTANT_CONVERSION = YES;
				CLANG_WARN_DEPRECATED_OBJC_IMPLEMENTATIONS = YES;
				CLANG_WARN_DIRECT_OBJC_ISA_USAGE = YES_ERROR;
				CLANG_WARN_DOCUMENTATION_COMMENTS = YES;
				CLANG_WARN_EMPTY_BODY = YES;
				CLANG_WARN_ENUM_CONVERSION = YES;
				CLANG_WARN_INFINITE_RECURSION = YES;
				CLANG_WARN_INT_CONVERSION = YES;
				CLANG_WARN_NON_LITERAL_NULL_CONVERSION = YES;
				CLANG_WARN_OBJC_IMPLICIT_RETAIN_SELF = YES;
				CLANG_WARN_OBJC_LITERAL_CONVERSION = YES;
				CLANG_WARN_OBJC_ROOT_CLASS = YES_ERROR;
				CLANG_WARN_QUOTED_INCLUDE_IN_FRAMEWORK_HEADER = YES;
				CLANG_WARN_RANGE_LOOP_ANALYSIS = YES;
				CLANG_WARN_STRICT_PROTOTYPES = YES;
				CLANG_WARN_SUSPICIOUS_MOVE = YES;
				CLANG_WARN_UNGUARDED_AVAILABILITY = YES_AGGRESSIVE;
				CLANG_WARN_UNREACHABLE_CODE = YES;
				CLANG_WARN__DUPLICATE_METHOD_MATCH = YES;
				COPY_PHASE_STRIP = NO;
				DEBUG_INFORMATION_FORMAT = "dwarf-with-dsym";
				ENABLE_BITCODE = NO;
				ENABLE_NS_ASSERTIONS = NO;
				ENABLE_STRICT_OBJC_MSGSEND = YES;
				FRAMEWORK_SEARCH_PATHS = "$(PROJECT_DIR)/../SDK";
				GCC_C_LANGUAGE_STANDARD = gnu11;
				GCC_NO_COMMON_BLOCKS = YES;
				GCC_WARN_64_TO_32_BIT_CONVERSION = YES;
				GCC_WARN_ABOUT_RETURN_TYPE = YES_ERROR;
				GCC_WARN_UNDECLARED_SELECTOR = YES;
				GCC_WARN_UNINITIALIZED_AUTOS = YES_AGGRESSIVE;
				GCC_WARN_UNUSED_FUNCTION = YES;
				GCC_WARN_UNUSED_VARIABLE = YES;
				IPHONEOS_DEPLOYMENT_TARGET = 11.0;
				MTL_ENABLE_DEBUG_INFO = NO;
				MTL_FAST_MATH = YES;
				SDKROOT = iphoneos;
				VALIDATE_PRODUCT = YES;
			};
			name = Release;
		};
		4DDA0E2A262EDD41009F54D0 /* Debug */ = {
			isa = XCBuildConfiguration;
			buildSettings = {
				ASSETCATALOG_COMPILER_APPICON_NAME = AppIcon;
				ASSETCATALOG_COMPILER_GLOBAL_ACCENT_COLOR_NAME = AccentColor;
				CODE_SIGN_ENTITLEMENTS = ScreenSharing/ScreenSharing.entitlements;
				CODE_SIGN_IDENTITY = "Apple Development";
				CODE_SIGN_STYLE = Automatic;
				DEVELOPMENT_TEAM = "";
				INFOPLIST_FILE = ScreenSharing/Info.plist;
				IPHONEOS_DEPLOYMENT_TARGET = 12.0;
				LD_RUNPATH_SEARCH_PATHS = (
					"$(inherited)",
					"@executable_path/Frameworks",
				);
				PRODUCT_BUNDLE_IDENTIFIER = com.dingtalk.ScreenSharing.ScreenSharingExt;
				PRODUCT_NAME = "$(TARGET_NAME)";
				PROVISIONING_PROFILE_SPECIFIER = "";
				TARGETED_DEVICE_FAMILY = "1,2";
			};
			name = Debug;
		};
		4DDA0E2B262EDD41009F54D0 /* Release */ = {
			isa = XCBuildConfiguration;
			buildSettings = {
				ASSETCATALOG_COMPILER_APPICON_NAME = AppIcon;
				ASSETCATALOG_COMPILER_GLOBAL_ACCENT_COLOR_NAME = AccentColor;
				CODE_SIGN_ENTITLEMENTS = ScreenSharing/ScreenSharing.entitlements;
				CODE_SIGN_IDENTITY = "Apple Development";
				CODE_SIGN_STYLE = Automatic;
				DEVELOPMENT_TEAM = "";
				INFOPLIST_FILE = ScreenSharing/Info.plist;
				IPHONEOS_DEPLOYMENT_TARGET = 12.0;
				LD_RUNPATH_SEARCH_PATHS = (
					"$(inherited)",
					"@executable_path/Frameworks",
				);
				PRODUCT_BUNDLE_IDENTIFIER = com.dingtalk.ScreenSharing.ScreenSharingExt;
				PRODUCT_NAME = "$(TARGET_NAME)";
				PROVISIONING_PROFILE_SPECIFIER = "";
				TARGETED_DEVICE_FAMILY = "1,2";
			};
			name = Release;
		};
		4DDA0E3E262FC2E0009F54D0 /* Debug */ = {
			isa = XCBuildConfiguration;
			buildSettings = {
				CODE_SIGN_ENTITLEMENTS = ScreenSharingExt/ScreenSharingExt.entitlements;
				CODE_SIGN_IDENTITY = "Apple Development";
				CODE_SIGN_STYLE = Automatic;
				DEVELOPMENT_TEAM = "";
				INFOPLIST_FILE = ScreenSharingExt/Info.plist;
				IPHONEOS_DEPLOYMENT_TARGET = 12.0;
				LD_RUNPATH_SEARCH_PATHS = (
					"$(inherited)",
					"@executable_path/Frameworks",
					"@executable_path/../../Frameworks",
				);
				PRODUCT_BUNDLE_IDENTIFIER = com.dingtalk.ScreenSharing.ScreenSharingExt;
				PRODUCT_NAME = "$(TARGET_NAME)";
				PROVISIONING_PROFILE_SPECIFIER = "";
				SKIP_INSTALL = YES;
				TARGETED_DEVICE_FAMILY = "1,2";
			};
			name = Debug;
		};
		4DDA0E3F262FC2E0009F54D0 /* Release */ = {
			isa = XCBuildConfiguration;
			buildSettings = {
				CODE_SIGN_ENTITLEMENTS = ScreenSharingExt/ScreenSharingExt.entitlements;
				CODE_SIGN_IDENTITY = "Apple Development";
				CODE_SIGN_STYLE = Automatic;
				DEVELOPMENT_TEAM = "";
				INFOPLIST_FILE = ScreenSharingExt/Info.plist;
				IPHONEOS_DEPLOYMENT_TARGET = 12.0;
				LD_RUNPATH_SEARCH_PATHS = (
					"$(inherited)",
					"@executable_path/Frameworks",
					"@executable_path/../../Frameworks",
				);
				PRODUCT_BUNDLE_IDENTIFIER = com.dingtalk.ScreenSharing.ScreenSharingExt;
				PRODUCT_NAME = "$(TARGET_NAME)";
				PROVISIONING_PROFILE_SPECIFIER = "";
				SKIP_INSTALL = YES;
				TARGETED_DEVICE_FAMILY = "1,2";
			};
			name = Release;
		};
/* End XCBuildConfiguration section */

/* Begin XCConfigurationList section */
		4DDA0E0B262EDD3F009F54D0 /* Build configuration list for PBXProject "ScreenSharing" */ = {
			isa = XCConfigurationList;
			buildConfigurations = (
				4DDA0E27262EDD41009F54D0 /* Debug */,
				4DDA0E28262EDD41009F54D0 /* Release */,
			);
			defaultConfigurationIsVisible = 0;
			defaultConfigurationName = Release;
		};
		4DDA0E29262EDD41009F54D0 /* Build configuration list for PBXNativeTarget "ScreenSharing" */ = {
			isa = XCConfigurationList;
			buildConfigurations = (
				4DDA0E2A262EDD41009F54D0 /* Debug */,
				4DDA0E2B262EDD41009F54D0 /* Release */,
			);
			defaultConfigurationIsVisible = 0;
			defaultConfigurationName = Release;
		};
		4DDA0E3D262FC2E0009F54D0 /* Build configuration list for PBXNativeTarget "ScreenSharingExt" */ = {
			isa = XCConfigurationList;
			buildConfigurations = (
				4DDA0E3E262FC2E0009F54D0 /* Debug */,
				4DDA0E3F262FC2E0009F54D0 /* Release */,
			);
			defaultConfigurationIsVisible = 0;
			defaultConfigurationName = Release;
		};
/* End XCConfigurationList section */
	};
	rootObject = 4DDA0E08262EDD3F009F54D0 /* Project object */;
}
