
Microsoft Visual Studio Solution File, Format Version 12.00
# Visual Studio 15
VisualStudioVersion = 15.0.28307.2017
MinimumVisualStudioVersion = 10.0.40219.1
Project("{8BC9CEB8-8B4A-11D0-8D11-00A0C91BC942}") = "DingRTCSample", "DingRTCSample\DingRTCSample.vcxproj", "{B6FBB7D7-C122-434D-B29E-D080C642AF66}"
EndProject
Global
	GlobalSection(SolutionConfigurationPlatforms) = preSolution
		Debug|x64 = Debug|x64
		Debug|x86 = Debug|x86
		Release|x64 = Release|x64
		Release|x86 = Release|x86
	EndGlobalSection
	GlobalSection(ProjectConfigurationPlatforms) = postSolution
		{B6FBB7D7-C122-434D-B29E-D080C642AF66}.Debug|x64.ActiveCfg = Debug|x64
		{B6FBB7D7-C122-434D-B29E-D080C642AF66}.Debug|x64.Build.0 = Debug|x64
		{B6FBB7D7-C122-434D-B29E-D080C642AF66}.Debug|x86.ActiveCfg = Debug|Win32
		{B6FBB7D7-C122-434D-B29E-D080C642AF66}.Debug|x86.Build.0 = Debug|Win32
		{B6FBB7D7-C122-434D-B29E-D080C642AF66}.Release|x64.ActiveCfg = Release|x64
		{B6FBB7D7-C122-434D-B29E-D080C642AF66}.Release|x64.Build.0 = Release|x64
		{B6FBB7D7-C122-434D-B29E-D080C642AF66}.Release|x86.ActiveCfg = Release|Win32
		{B6FBB7D7-C122-434D-B29E-D080C642AF66}.Release|x86.Build.0 = Release|Win32
	EndGlobalSection
	GlobalSection(SolutionProperties) = preSolution
		HideSolutionNode = FALSE
	EndGlobalSection
	GlobalSection(ExtensibilityGlobals) = postSolution
		SolutionGuid = {EA5DBD53-4CEA-437F-B74A-C242D4AF6123}
	EndGlobalSection
EndGlobal
