// !$*UTF8*$!
{
	archiveVersion = 1;
	classes = {
	};
	objectVersion = 56;
	objects = {

/* Begin PBXBuildFile section */
		4D8856412D633E9F00B0440A /* AppDelegate.m in Sources */ = {isa = PBXBuildFile; fileRef = 4D8856402D633E9F00B0440A /* AppDelegate.m */; };
		4D8856442D633E9F00B0440A /* SceneDelegate.m in Sources */ = {isa = PBXBuildFile; fileRef = 4D8856432D633E9F00B0440A /* SceneDelegate.m */; };
		4D88564A2D633E9F00B0440A /* Base in Resources */ = {isa = PBXBuildFile; fileRef = 4D8856492D633E9F00B0440A /* Base */; };
		4D88564C2D633EA000B0440A /* Assets.xcassets in Resources */ = {isa = PBXBuildFile; fileRef = 4D88564B2D633EA000B0440A /* Assets.xcassets */; };
		4D88564F2D633EA000B0440A /* Base in Resources */ = {isa = PBXBuildFile; fileRef = 4D88564E2D633EA000B0440A /* Base */; };
		4D8856522D633EA000B0440A /* main.m in Sources */ = {isa = PBXBuildFile; fileRef = 4D8856512D633EA000B0440A /* main.m */; };
		4D88565B2D63546000B0440A /* MoziWhiteboard.xcframework in Frameworks */ = {isa = PBXBuildFile; fileRef = 4D8856592D63546000B0440A /* MoziWhiteboard.xcframework */; };
		4D88565C2D63546000B0440A /* MoziWhiteboard.xcframework in Embed Frameworks */ = {isa = PBXBuildFile; fileRef = 4D8856592D63546000B0440A /* MoziWhiteboard.xcframework */; settings = {ATTRIBUTES = (CodeSignOnCopy, RemoveHeadersOnCopy, ); }; };
		4D88565D2D63546000B0440A /* DingRTC.xcframework in Frameworks */ = {isa = PBXBuildFile; fileRef = 4D88565A2D63546000B0440A /* DingRTC.xcframework */; };
		4D88565E2D63546000B0440A /* DingRTC.xcframework in Embed Frameworks */ = {isa = PBXBuildFile; fileRef = 4D88565A2D63546000B0440A /* DingRTC.xcframework */; settings = {ATTRIBUTES = (CodeSignOnCopy, RemoveHeadersOnCopy, ); }; };
		4D8856662D6357B700B0440A /* ChannelInfo.m in Sources */ = {isa = PBXBuildFile; fileRef = 4D8856602D6357B700B0440A /* ChannelInfo.m */; };
		4D8856672D6357B700B0440A /* JoinViewController.m in Sources */ = {isa = PBXBuildFile; fileRef = 4D8856622D6357B700B0440A /* JoinViewController.m */; };
		4D8856682D6357B700B0440A /* UserInfo.m in Sources */ = {isa = PBXBuildFile; fileRef = 4D8856652D6357B700B0440A /* UserInfo.m */; };
		4D88566B2D63582700B0440A /* WhiteboardViewController.m in Sources */ = {isa = PBXBuildFile; fileRef = 4D88566A2D63582700B0440A /* WhiteboardViewController.m */; };
		4D88566D2D646B1A00B0440A /* README.md in Resources */ = {isa = PBXBuildFile; fileRef = 4D88566C2D646B1A00B0440A /* README.md */; };
/* End PBXBuildFile section */

/* Begin PBXCopyFilesBuildPhase section */
		4D88565F2D63546000B0440A /* Embed Frameworks */ = {
			isa = PBXCopyFilesBuildPhase;
			buildActionMask = 2147483647;
			dstPath = "";
			dstSubfolderSpec = 10;
			files = (
				4D88565C2D63546000B0440A /* MoziWhiteboard.xcframework in Embed Frameworks */,
				4D88565E2D63546000B0440A /* DingRTC.xcframework in Embed Frameworks */,
			);
			name = "Embed Frameworks";
			runOnlyForDeploymentPostprocessing = 0;
		};
/* End PBXCopyFilesBuildPhase section */

/* Begin PBXFileReference section */
		4D88563C2D633E9F00B0440A /* Whiteboard.app */ = {isa = PBXFileReference; explicitFileType = wrapper.application; includeInIndex = 0; path = Whiteboard.app; sourceTree = BUILT_PRODUCTS_DIR; };
		4D88563F2D633E9F00B0440A /* AppDelegate.h */ = {isa = PBXFileReference; lastKnownFileType = sourcecode.c.h; path = AppDelegate.h; sourceTree = "<group>"; };
		4D8856402D633E9F00B0440A /* AppDelegate.m */ = {isa = PBXFileReference; lastKnownFileType = sourcecode.c.objc; path = AppDelegate.m; sourceTree = "<group>"; };
		4D8856422D633E9F00B0440A /* SceneDelegate.h */ = {isa = PBXFileReference; lastKnownFileType = sourcecode.c.h; path = SceneDelegate.h; sourceTree = "<group>"; };
		4D8856432D633E9F00B0440A /* SceneDelegate.m */ = {isa = PBXFileReference; lastKnownFileType = sourcecode.c.objc; path = SceneDelegate.m; sourceTree = "<group>"; };
		4D8856492D633E9F00B0440A /* Base */ = {isa = PBXFileReference; lastKnownFileType = file.storyboard; name = Base; path = Base.lproj/Main.storyboard; sourceTree = "<group>"; };
		4D88564B2D633EA000B0440A /* Assets.xcassets */ = {isa = PBXFileReference; lastKnownFileType = folder.assetcatalog; path = Assets.xcassets; sourceTree = "<group>"; };
		4D88564E2D633EA000B0440A /* Base */ = {isa = PBXFileReference; lastKnownFileType = file.storyboard; name = Base; path = Base.lproj/LaunchScreen.storyboard; sourceTree = "<group>"; };
		4D8856502D633EA000B0440A /* Info.plist */ = {isa = PBXFileReference; lastKnownFileType = text.plist.xml; path = Info.plist; sourceTree = "<group>"; };
		4D8856512D633EA000B0440A /* main.m */ = {isa = PBXFileReference; lastKnownFileType = sourcecode.c.objc; path = main.m; sourceTree = "<group>"; };
		4D8856592D63546000B0440A /* MoziWhiteboard.xcframework */ = {isa = PBXFileReference; lastKnownFileType = wrapper.xcframework; name = MoziWhiteboard.xcframework; path = ../SDK/MoziWhiteboard.xcframework; sourceTree = "<group>"; };
		4D88565A2D63546000B0440A /* DingRTC.xcframework */ = {isa = PBXFileReference; lastKnownFileType = wrapper.xcframework; name = DingRTC.xcframework; path = ../SDK/DingRTC.xcframework; sourceTree = "<group>"; };
		4D8856602D6357B700B0440A /* ChannelInfo.m */ = {isa = PBXFileReference; fileEncoding = 4; lastKnownFileType = sourcecode.c.objc; path = ChannelInfo.m; sourceTree = "<group>"; };
		4D8856612D6357B700B0440A /* ChannelInfo.h */ = {isa = PBXFileReference; fileEncoding = 4; lastKnownFileType = sourcecode.c.h; path = ChannelInfo.h; sourceTree = "<group>"; };
		4D8856622D6357B700B0440A /* JoinViewController.m */ = {isa = PBXFileReference; fileEncoding = 4; lastKnownFileType = sourcecode.c.objc; path = JoinViewController.m; sourceTree = "<group>"; };
		4D8856632D6357B700B0440A /* JoinViewController.h */ = {isa = PBXFileReference; fileEncoding = 4; lastKnownFileType = sourcecode.c.h; path = JoinViewController.h; sourceTree = "<group>"; };
		4D8856642D6357B700B0440A /* UserInfo.h */ = {isa = PBXFileReference; fileEncoding = 4; lastKnownFileType = sourcecode.c.h; path = UserInfo.h; sourceTree = "<group>"; };
		4D8856652D6357B700B0440A /* UserInfo.m */ = {isa = PBXFileReference; fileEncoding = 4; lastKnownFileType = sourcecode.c.objc; path = UserInfo.m; sourceTree = "<group>"; };
		4D8856692D63582700B0440A /* WhiteboardViewController.h */ = {isa = PBXFileReference; lastKnownFileType = sourcecode.c.h; path = WhiteboardViewController.h; sourceTree = "<group>"; };
		4D88566A2D63582700B0440A /* WhiteboardViewController.m */ = {isa = PBXFileReference; lastKnownFileType = sourcecode.c.objc; path = WhiteboardViewController.m; sourceTree = "<group>"; };
		4D88566C2D646B1A00B0440A /* README.md */ = {isa = PBXFileReference; fileEncoding = 4; lastKnownFileType = net.daringfireball.markdown; path = README.md; sourceTree = "<group>"; };
/* End PBXFileReference section */

/* Begin PBXFrameworksBuildPhase section */
		4D8856392D633E9F00B0440A /* Frameworks */ = {
			isa = PBXFrameworksBuildPhase;
			buildActionMask = 2147483647;
			files = (
				4D88565B2D63546000B0440A /* MoziWhiteboard.xcframework in Frameworks */,
				4D88565D2D63546000B0440A /* DingRTC.xcframework in Frameworks */,
			);
			runOnlyForDeploymentPostprocessing = 0;
		};
/* End PBXFrameworksBuildPhase section */

/* Begin PBXGroup section */
		4D8856332D633E9F00B0440A = {
			isa = PBXGroup;
			children = (
				4D88566C2D646B1A00B0440A /* README.md */,
				4D88563E2D633E9F00B0440A /* Whiteboard */,
				4D88563D2D633E9F00B0440A /* Products */,
				4D8856582D63546000B0440A /* Frameworks */,
			);
			sourceTree = "<group>";
		};
		4D88563D2D633E9F00B0440A /* Products */ = {
			isa = PBXGroup;
			children = (
				4D88563C2D633E9F00B0440A /* Whiteboard.app */,
			);
			name = Products;
			sourceTree = "<group>";
		};
		4D88563E2D633E9F00B0440A /* Whiteboard */ = {
			isa = PBXGroup;
			children = (
				4D8856612D6357B700B0440A /* ChannelInfo.h */,
				4D8856602D6357B700B0440A /* ChannelInfo.m */,
				4D8856632D6357B700B0440A /* JoinViewController.h */,
				4D8856622D6357B700B0440A /* JoinViewController.m */,
				4D8856642D6357B700B0440A /* UserInfo.h */,
				4D8856652D6357B700B0440A /* UserInfo.m */,
				4D88563F2D633E9F00B0440A /* AppDelegate.h */,
				4D8856402D633E9F00B0440A /* AppDelegate.m */,
				4D8856422D633E9F00B0440A /* SceneDelegate.h */,
				4D8856432D633E9F00B0440A /* SceneDelegate.m */,
				4D8856482D633E9F00B0440A /* Main.storyboard */,
				4D88564B2D633EA000B0440A /* Assets.xcassets */,
				4D88564D2D633EA000B0440A /* LaunchScreen.storyboard */,
				4D8856502D633EA000B0440A /* Info.plist */,
				4D8856512D633EA000B0440A /* main.m */,
				4D8856692D63582700B0440A /* WhiteboardViewController.h */,
				4D88566A2D63582700B0440A /* WhiteboardViewController.m */,
			);
			path = Whiteboard;
			sourceTree = "<group>";
		};
		4D8856582D63546000B0440A /* Frameworks */ = {
			isa = PBXGroup;
			children = (
				4D88565A2D63546000B0440A /* DingRTC.xcframework */,
				4D8856592D63546000B0440A /* MoziWhiteboard.xcframework */,
			);
			name = Frameworks;
			sourceTree = "<group>";
		};
/* End PBXGroup section */

/* Begin PBXNativeTarget section */
		4D88563B2D633E9F00B0440A /* Whiteboard */ = {
			isa = PBXNativeTarget;
			buildConfigurationList = 4D8856552D633EA000B0440A /* Build configuration list for PBXNativeTarget "Whiteboard" */;
			buildPhases = (
				4D8856382D633E9F00B0440A /* Sources */,
				4D8856392D633E9F00B0440A /* Frameworks */,
				4D88563A2D633E9F00B0440A /* Resources */,
				4D88565F2D63546000B0440A /* Embed Frameworks */,
			);
			buildRules = (
			);
			dependencies = (
			);
			name = Whiteboard;
			productName = Whiteboard;
			productReference = 4D88563C2D633E9F00B0440A /* Whiteboard.app */;
			productType = "com.apple.product-type.application";
		};
/* End PBXNativeTarget section */

/* Begin PBXProject section */
		4D8856342D633E9F00B0440A /* Project object */ = {
			isa = PBXProject;
			attributes = {
				BuildIndependentTargetsInParallel = 1;
				LastUpgradeCheck = 1530;
				TargetAttributes = {
					4D88563B2D633E9F00B0440A = {
						CreatedOnToolsVersion = 15.3;
					};
				};
			};
			buildConfigurationList = 4D8856372D633E9F00B0440A /* Build configuration list for PBXProject "Whiteboard" */;
			compatibilityVersion = "Xcode 14.0";
			developmentRegion = en;
			hasScannedForEncodings = 0;
			knownRegions = (
				en,
				Base,
			);
			mainGroup = 4D8856332D633E9F00B0440A;
			productRefGroup = 4D88563D2D633E9F00B0440A /* Products */;
			projectDirPath = "";
			projectRoot = "";
			targets = (
				4D88563B2D633E9F00B0440A /* Whiteboard */,
			);
		};
/* End PBXProject section */

/* Begin PBXResourcesBuildPhase section */
		4D88563A2D633E9F00B0440A /* Resources */ = {
			isa = PBXResourcesBuildPhase;
			buildActionMask = 2147483647;
			files = (
				4D88564C2D633EA000B0440A /* Assets.xcassets in Resources */,
				4D88564F2D633EA000B0440A /* Base in Resources */,
				4D88566D2D646B1A00B0440A /* README.md in Resources */,
				4D88564A2D633E9F00B0440A /* Base in Resources */,
			);
			runOnlyForDeploymentPostprocessing = 0;
		};
/* End PBXResourcesBuildPhase section */

/* Begin PBXSourcesBuildPhase section */
		4D8856382D633E9F00B0440A /* Sources */ = {
			isa = PBXSourcesBuildPhase;
			buildActionMask = 2147483647;
			files = (
				4D8856412D633E9F00B0440A /* AppDelegate.m in Sources */,
				4D8856522D633EA000B0440A /* main.m in Sources */,
				4D88566B2D63582700B0440A /* WhiteboardViewController.m in Sources */,
				4D8856662D6357B700B0440A /* ChannelInfo.m in Sources */,
				4D8856672D6357B700B0440A /* JoinViewController.m in Sources */,
				4D8856442D633E9F00B0440A /* SceneDelegate.m in Sources */,
				4D8856682D6357B700B0440A /* UserInfo.m in Sources */,
			);
			runOnlyForDeploymentPostprocessing = 0;
		};
/* End PBXSourcesBuildPhase section */

/* Begin PBXVariantGroup section */
		4D8856482D633E9F00B0440A /* Main.storyboard */ = {
			isa = PBXVariantGroup;
			children = (
				4D8856492D633E9F00B0440A /* Base */,
			);
			name = Main.storyboard;
			sourceTree = "<group>";
		};
		4D88564D2D633EA000B0440A /* LaunchScreen.storyboard */ = {
			isa = PBXVariantGroup;
			children = (
				4D88564E2D633EA000B0440A /* Base */,
			);
			name = LaunchScreen.storyboard;
			sourceTree = "<group>";
		};
/* End PBXVariantGroup section */

/* Begin XCBuildConfiguration section */
		4D8856532D633EA000B0440A /* Debug */ = {
			isa = XCBuildConfiguration;
			buildSettings = {
				ALWAYS_SEARCH_USER_PATHS = NO;
				ASSETCATALOG_COMPILER_GENERATE_SWIFT_ASSET_SYMBOL_EXTENSIONS = YES;
				CLANG_ANALYZER_NONNULL = YES;
				CLANG_ANALYZER_NUMBER_OBJECT_CONVERSION = YES_AGGRESSIVE;
				CLANG_CXX_LANGUAGE_STANDARD = "gnu++20";
				CLANG_ENABLE_MODULES = YES;
				CLANG_ENABLE_OBJC_ARC = YES;
				CLANG_ENABLE_OBJC_WEAK = YES;
				CLANG_WARN_BLOCK_CAPTURE_AUTORELEASING = YES;
				CLANG_WARN_BOOL_CONVERSION = YES;
				CLANG_WARN_COMMA = YES;
				CLANG_WARN_CONSTANT_CONVERSION = YES;
				CLANG_WARN_DEPRECATED_OBJC_IMPLEMENTATIONS = YES;
				CLANG_WARN_DIRECT_OBJC_ISA_USAGE = YES_ERROR;
				CLANG_WARN_DOCUMENTATION_COMMENTS = YES;
				CLANG_WARN_EMPTY_BODY = YES;
				CLANG_WARN_ENUM_CONVERSION = YES;
				CLANG_WARN_INFINITE_RECURSION = YES;
				CLANG_WARN_INT_CONVERSION = YES;
				CLANG_WARN_NON_LITERAL_NULL_CONVERSION = YES;
				CLANG_WARN_OBJC_IMPLICIT_RETAIN_SELF = YES;
				CLANG_WARN_OBJC_LITERAL_CONVERSION = YES;
				CLANG_WARN_OBJC_ROOT_CLASS = YES_ERROR;
				CLANG_WARN_QUOTED_INCLUDE_IN_FRAMEWORK_HEADER = YES;
				CLANG_WARN_RANGE_LOOP_ANALYSIS = YES;
				CLANG_WARN_STRICT_PROTOTYPES = YES;
				CLANG_WARN_SUSPICIOUS_MOVE = YES;
				CLANG_WARN_UNGUARDED_AVAILABILITY = YES_AGGRESSIVE;
				CLANG_WARN_UNREACHABLE_CODE = YES;
				CLANG_WARN__DUPLICATE_METHOD_MATCH = YES;
				COPY_PHASE_STRIP = NO;
				DEBUG_INFORMATION_FORMAT = dwarf;
				ENABLE_STRICT_OBJC_MSGSEND = YES;
				ENABLE_TESTABILITY = YES;
				ENABLE_USER_SCRIPT_SANDBOXING = YES;
				GCC_C_LANGUAGE_STANDARD = gnu17;
				GCC_DYNAMIC_NO_PIC = NO;
				GCC_NO_COMMON_BLOCKS = YES;
				GCC_OPTIMIZATION_LEVEL = 0;
				GCC_PREPROCESSOR_DEFINITIONS = (
					"DEBUG=1",
					"$(inherited)",
				);
				GCC_WARN_64_TO_32_BIT_CONVERSION = YES;
				GCC_WARN_ABOUT_RETURN_TYPE = YES_ERROR;
				GCC_WARN_UNDECLARED_SELECTOR = YES;
				GCC_WARN_UNINITIALIZED_AUTOS = YES_AGGRESSIVE;
				GCC_WARN_UNUSED_FUNCTION = YES;
				GCC_WARN_UNUSED_VARIABLE = YES;
				IPHONEOS_DEPLOYMENT_TARGET = 17.4;
				LOCALIZATION_PREFERS_STRING_CATALOGS = YES;
				MTL_ENABLE_DEBUG_INFO = INCLUDE_SOURCE;
				MTL_FAST_MATH = YES;
				ONLY_ACTIVE_ARCH = YES;
				SDKROOT = iphoneos;
			};
			name = Debug;
		};
		4D8856542D633EA000B0440A /* Release */ = {
			isa = XCBuildConfiguration;
			buildSettings = {
				ALWAYS_SEARCH_USER_PATHS = NO;
				ASSETCATALOG_COMPILER_GENERATE_SWIFT_ASSET_SYMBOL_EXTENSIONS = YES;
				CLANG_ANALYZER_NONNULL = YES;
				CLANG_ANALYZER_NUMBER_OBJECT_CONVERSION = YES_AGGRESSIVE;
				CLANG_CXX_LANGUAGE_STANDARD = "gnu++20";
				CLANG_ENABLE_MODULES = YES;
				CLANG_ENABLE_OBJC_ARC = YES;
				CLANG_ENABLE_OBJC_WEAK = YES;
				CLANG_WARN_BLOCK_CAPTURE_AUTORELEASING = YES;
				CLANG_WARN_BOOL_CONVERSION = YES;
				CLANG_WARN_COMMA = YES;
				CLANG_WARN_CONSTANT_CONVERSION = YES;
				CLANG_WARN_DEPRECATED_OBJC_IMPLEMENTATIONS = YES;
				CLANG_WARN_DIRECT_OBJC_ISA_USAGE = YES_ERROR;
				CLANG_WARN_DOCUMENTATION_COMMENTS = YES;
				CLANG_WARN_EMPTY_BODY = YES;
				CLANG_WARN_ENUM_CONVERSION = YES;
				CLANG_WARN_INFINITE_RECURSION = YES;
				CLANG_WARN_INT_CONVERSION = YES;
				CLANG_WARN_NON_LITERAL_NULL_CONVERSION = YES;
				CLANG_WARN_OBJC_IMPLICIT_RETAIN_SELF = YES;
				CLANG_WARN_OBJC_LITERAL_CONVERSION = YES;
				CLANG_WARN_OBJC_ROOT_CLASS = YES_ERROR;
				CLANG_WARN_QUOTED_INCLUDE_IN_FRAMEWORK_HEADER = YES;
				CLANG_WARN_RANGE_LOOP_ANALYSIS = YES;
				CLANG_WARN_STRICT_PROTOTYPES = YES;
				CLANG_WARN_SUSPICIOUS_MOVE = YES;
				CLANG_WARN_UNGUARDED_AVAILABILITY = YES_AGGRESSIVE;
				CLANG_WARN_UNREACHABLE_CODE = YES;
				CLANG_WARN__DUPLICATE_METHOD_MATCH = YES;
				COPY_PHASE_STRIP = NO;
				DEBUG_INFORMATION_FORMAT = "dwarf-with-dsym";
				ENABLE_NS_ASSERTIONS = NO;
				ENABLE_STRICT_OBJC_MSGSEND = YES;
				ENABLE_USER_SCRIPT_SANDBOXING = YES;
				GCC_C_LANGUAGE_STANDARD = gnu17;
				GCC_NO_COMMON_BLOCKS = YES;
				GCC_WARN_64_TO_32_BIT_CONVERSION = YES;
				GCC_WARN_ABOUT_RETURN_TYPE = YES_ERROR;
				GCC_WARN_UNDECLARED_SELECTOR = YES;
				GCC_WARN_UNINITIALIZED_AUTOS = YES_AGGRESSIVE;
				GCC_WARN_UNUSED_FUNCTION = YES;
				GCC_WARN_UNUSED_VARIABLE = YES;
				IPHONEOS_DEPLOYMENT_TARGET = 17.4;
				LOCALIZATION_PREFERS_STRING_CATALOGS = YES;
				MTL_ENABLE_DEBUG_INFO = NO;
				MTL_FAST_MATH = YES;
				SDKROOT = iphoneos;
				VALIDATE_PRODUCT = YES;
			};
			name = Release;
		};
		4D8856562D633EA000B0440A /* Debug */ = {
			isa = XCBuildConfiguration;
			buildSettings = {
				ASSETCATALOG_COMPILER_APPICON_NAME = AppIcon;
				ASSETCATALOG_COMPILER_GLOBAL_ACCENT_COLOR_NAME = AccentColor;
				CODE_SIGN_STYLE = Automatic;
				CURRENT_PROJECT_VERSION = 1;
				GENERATE_INFOPLIST_FILE = YES;
				INFOPLIST_FILE = Whiteboard/Info.plist;
				INFOPLIST_KEY_UIApplicationSupportsIndirectInputEvents = YES;
				INFOPLIST_KEY_UILaunchStoryboardName = LaunchScreen;
				INFOPLIST_KEY_UIMainStoryboardFile = Main;
				INFOPLIST_KEY_UISupportedInterfaceOrientations_iPad = "UIInterfaceOrientationPortrait UIInterfaceOrientationPortraitUpsideDown UIInterfaceOrientationLandscapeLeft UIInterfaceOrientationLandscapeRight";
				INFOPLIST_KEY_UISupportedInterfaceOrientations_iPhone = "UIInterfaceOrientationPortrait UIInterfaceOrientationLandscapeLeft UIInterfaceOrientationLandscapeRight";
				IPHONEOS_DEPLOYMENT_TARGET = 12.0;
				LD_RUNPATH_SEARCH_PATHS = (
					"$(inherited)",
					"@executable_path/Frameworks",
				);
				MARKETING_VERSION = 1.0;
				PRODUCT_BUNDLE_IDENTIFIER = com.dingtalk.Whiteboard;
				PRODUCT_NAME = "$(TARGET_NAME)";
				SWIFT_EMIT_LOC_STRINGS = YES;
				TARGETED_DEVICE_FAMILY = "1,2";
			};
			name = Debug;
		};
		4D8856572D633EA000B0440A /* Release */ = {
			isa = XCBuildConfiguration;
			buildSettings = {
				ASSETCATALOG_COMPILER_APPICON_NAME = AppIcon;
				ASSETCATALOG_COMPILER_GLOBAL_ACCENT_COLOR_NAME = AccentColor;
				CODE_SIGN_STYLE = Automatic;
				CURRENT_PROJECT_VERSION = 1;
				GENERATE_INFOPLIST_FILE = YES;
				INFOPLIST_FILE = Whiteboard/Info.plist;
				INFOPLIST_KEY_UIApplicationSupportsIndirectInputEvents = YES;
				INFOPLIST_KEY_UILaunchStoryboardName = LaunchScreen;
				INFOPLIST_KEY_UIMainStoryboardFile = Main;
				INFOPLIST_KEY_UISupportedInterfaceOrientations_iPad = "UIInterfaceOrientationPortrait UIInterfaceOrientationPortraitUpsideDown UIInterfaceOrientationLandscapeLeft UIInterfaceOrientationLandscapeRight";
				INFOPLIST_KEY_UISupportedInterfaceOrientations_iPhone = "UIInterfaceOrientationPortrait UIInterfaceOrientationLandscapeLeft UIInterfaceOrientationLandscapeRight";
				IPHONEOS_DEPLOYMENT_TARGET = 12.0;
				LD_RUNPATH_SEARCH_PATHS = (
					"$(inherited)",
					"@executable_path/Frameworks",
				);
				MARKETING_VERSION = 1.0;
				PRODUCT_BUNDLE_IDENTIFIER = com.dingtalk.Whiteboard;
				PRODUCT_NAME = "$(TARGET_NAME)";
				SWIFT_EMIT_LOC_STRINGS = YES;
				TARGETED_DEVICE_FAMILY = "1,2";
			};
			name = Release;
		};
/* End XCBuildConfiguration section */

/* Begin XCConfigurationList section */
		4D8856372D633E9F00B0440A /* Build configuration list for PBXProject "Whiteboard" */ = {
			isa = XCConfigurationList;
			buildConfigurations = (
				4D8856532D633EA000B0440A /* Debug */,
				4D8856542D633EA000B0440A /* Release */,
			);
			defaultConfigurationIsVisible = 0;
			defaultConfigurationName = Release;
		};
		4D8856552D633EA000B0440A /* Build configuration list for PBXNativeTarget "Whiteboard" */ = {
			isa = XCConfigurationList;
			buildConfigurations = (
				4D8856562D633EA000B0440A /* Debug */,
				4D8856572D633EA000B0440A /* Release */,
			);
			defaultConfigurationIsVisible = 0;
			defaultConfigurationName = Release;
		};
/* End XCConfigurationList section */
	};
	rootObject = 4D8856342D633E9F00B0440A /* Project object */;
}
